
Microsoft Visual Studio Solution File, Format Version 12.00
# Visual Studio 15
VisualStudioVersion = 15.0.27428.2027
MinimumVisualStudioVersion = 10.0.40219.1
Project("{9A19103F-16F7-4668-BE54-9A1E7A4F7556}") = "CrazyPost", "src\CrazyPost.csproj", "{C7F0FE35-DAB6-4E21-AE5A-0DB3A0B04901}"
EndProject
Project("{FAE04EC0-301F-11D3-BF4B-00C04F79EFBC}") = "CrazyPost.Test", "test\CrazyPost.Test.csproj", "{AD606288-9DD4-46FA-8B9F-84164CF94B4D}"
EndProject
Global
	GlobalSection(SolutionConfigurationPlatforms) = preSolution
		Debug|Any CPU = Debug|Any CPU
		Release|Any CPU = Release|Any CPU
	EndGlobalSection
	GlobalSection(ProjectConfigurationPlatforms) = postSolution
		{C7F0FE35-DAB6-4E21-AE5A-0DB3A0B04901}.Debug|Any CPU.ActiveCfg = Debug|Any CPU
		{C7F0FE35-DAB6-4E21-AE5A-0DB3A0B04901}.Debug|Any CPU.Build.0 = Debug|Any CPU
		{C7F0FE35-DAB6-4E21-AE5A-0DB3A0B04901}.Release|Any CPU.ActiveCfg = Release|Any CPU
		{C7F0FE35-DAB6-4E21-AE5A-0DB3A0B04901}.Release|Any CPU.Build.0 = Release|Any CPU
		{AD606288-9DD4-46FA-8B9F-84164CF94B4D}.Debug|Any CPU.ActiveCfg = Debug|Any CPU
		{AD606288-9DD4-46FA-8B9F-84164CF94B4D}.Debug|Any CPU.Build.0 = Debug|Any CPU
		{AD606288-9DD4-46FA-8B9F-84164CF94B4D}.Release|Any CPU.ActiveCfg = Release|Any CPU
		{AD606288-9DD4-46FA-8B9F-84164CF94B4D}.Release|Any CPU.Build.0 = Release|Any CPU
	EndGlobalSection
	GlobalSection(SolutionProperties) = preSolution
		HideSolutionNode = FALSE
	EndGlobalSection
	GlobalSection(ExtensibilityGlobals) = postSolution
		SolutionGuid = {96FDE211-C1CC-4EF7-AF5D-98AB736E5A3A}
	EndGlobalSection
EndGlobal
